{
    "_readme": [
        "This file locks the dependencies of your project to a known state",
        "Read more about it at https://getcomposer.org/doc/01-basic-usage.md#composer-lock-the-lock-file",
        "This file is @generated automatically"
    ],
    "hash": "587ee16a599f0844fe67d89ef5bb8600",
    "content-hash": "91bf5ec7680714313c76510336659cb9",
    "packages": [
        {
            "name": "anlutro/curl",
            "version": "1.4.1",
            "source": {
                "type": "git",
                "url": "https://github.com/anlutro/php-curl.git",
                "reference": "45a4eb31b0017e344e82cdc6056c0850f1ffbae6"
            },
            "dist": {
                "type": "zip",
                "url": "https://api.github.com/repos/anlutro/php-curl/zipball/45a4eb31b0017e344e82cdc6056c0850f1ffbae6",
                "reference": "45a4eb31b0017e344e82cdc6056c0850f1ffbae6",
                "shasum": ""
            },
            "require": {
                "php": ">=5.3.0"
            },
            "require-dev": {
                "mockery/mockery": "0.9.*"
            },
            "type": "library",
            "autoload": {
                "psr-4": {
                    "anlutro\\cURL\\": "src/"
                }
            },
            "notification-url": "https://packagist.org/downloads/",
            "license": [
                "MIT"
            ],
            "authors": [
                {
                    "name": "Andreas Lutro",
                    "email": "anlutro@gmail.com"
                }
            ],
            "description": "Simple OOP cURL wrapper.",
            "time": "2015-12-10 17:02:27"
        }
    ],
    "packages-dev": [],
    "aliases": [],
    "minimum-stability": "stable",
    "stability-flags": [],
    "prefer-stable": false,
    "prefer-lowest": false,
    "platform": {
        "php": ">=5.5.9"
    },
    "platform-dev": []
}
